// !$*UTF8*$!
{
	archiveVersion = 1;
	classes = {
	};
	objectVersion = 46;
	objects = {

/* Begin PBXBuildFile section */
		1610A42C145F6CF9001A7061 /* PaletteIcon.png in Resources */ = {isa = PBXBuildFile; fileRef = 1610A42B145F6CF9001A7061 /* PaletteIcon.png */; };
		1610A42F145F6E96001A7061 /* MainMenu.xib in Resources */ = {isa = PBXBuildFile; fileRef = 1610A42D145F6E96001A7061 /* MainMenu.xib */; };
		169B14B5145CA051004B0533 /* Cocoa.framework in Frameworks */ = {isa = PBXBuildFile; fileRef = 169B14B4145CA051004B0533 /* Cocoa.framework */; };
		169B14BF145CA051004B0533 /* InfoPlist.strings in Resources */ = {isa = PBXBuildFile; fileRef = 169B14BD145CA051004B0533 /* InfoPlist.strings */; };
		169B14C1145CA051004B0533 /* main.m in Sources */ = {isa = PBXBuildFile; fileRef = 169B14C0145CA051004B0533 /* main.m */; };
		169B14C5145CA051004B0533 /* Credits.rtf in Resources */ = {isa = PBXBuildFile; fileRef = 169B14C3145CA051004B0533 /* Credits.rtf */; };
		169B14C8145CA051004B0533 /* AppDelegate.m in Sources */ = {isa = PBXBuildFile; fileRef = 169B14C7145CA051004B0533 /* AppDelegate.m */; };
		169B14CE145CA051004B0533 /* Pygment.xcdatamodeld in Sources */ = {isa = PBXBuildFile; fileRef = 169B14CC145CA051004B0533 /* Pygment.xcdatamodeld */; };
		169B14D6145CA051004B0533 /* SenTestingKit.framework in Frameworks */ = {isa = PBXBuildFile; fileRef = 169B14D5145CA051004B0533 /* SenTestingKit.framework */; };
		169B14D7145CA051004B0533 /* Cocoa.framework in Frameworks */ = {isa = PBXBuildFile; fileRef = 169B14B4145CA051004B0533 /* Cocoa.framework */; };
		169B14DF145CA052004B0533 /* InfoPlist.strings in Resources */ = {isa = PBXBuildFile; fileRef = 169B14DD145CA052004B0533 /* InfoPlist.strings */; };
		169B14E2145CA052004B0533 /* PygmentTests.m in Sources */ = {isa = PBXBuildFile; fileRef = 169B14E1145CA052004B0533 /* PygmentTests.m */; };
		16D613EB145CB32F005CD7E9 /* Menulet.m in Sources */ = {isa = PBXBuildFile; fileRef = 16D613EA145CB32F005CD7E9 /* Menulet.m */; };
		16D613EF145D033D005CD7E9 /* MenuletController.m in Sources */ = {isa = PBXBuildFile; fileRef = 16D613EE145D033D005CD7E9 /* MenuletController.m */; };
/* End PBXBuildFile section */

/* Begin PBXContainerItemProxy section */
		169B14D8145CA052004B0533 /* PBXContainerItemProxy */ = {
			isa = PBXContainerItemProxy;
			containerPortal = 169B14A7145CA051004B0533 /* Project object */;
			proxyType = 1;
			remoteGlobalIDString = 169B14AF145CA051004B0533;
			remoteInfo = Pygment;
		};
/* End PBXContainerItemProxy section */

/* Begin PBXFileReference section */
		1610A42B145F6CF9001A7061 /* PaletteIcon.png */ = {isa = PBXFileReference; lastKnownFileType = image.png; path = PaletteIcon.png; sourceTree = "<group>"; };
		1610A42E145F6E96001A7061 /* en */ = {isa = PBXFileReference; lastKnownFileType = file.xib; name = en; path = en.lproj/MainMenu.xib; sourceTree = "<group>"; };
		169B14B0145CA051004B0533 /* Pygment.app */ = {isa = PBXFileReference; explicitFileType = wrapper.application; includeInIndex = 0; path = Pygment.app; sourceTree = BUILT_PRODUCTS_DIR; };
		169B14B4145CA051004B0533 /* Cocoa.framework */ = {isa = PBXFileReference; lastKnownFileType = wrapper.framework; name = Cocoa.framework; path = System/Library/Frameworks/Cocoa.framework; sourceTree = SDKROOT; };
		169B14B7145CA051004B0533 /* AppKit.framework */ = {isa = PBXFileReference; lastKnownFileType = wrapper.framework; name = AppKit.framework; path = System/Library/Frameworks/AppKit.framework; sourceTree = SDKROOT; };
		169B14B8145CA051004B0533 /* CoreData.framework */ = {isa = PBXFileReference; lastKnownFileType = wrapper.framework; name = CoreData.framework; path = System/Library/Frameworks/CoreData.framework; sourceTree = SDKROOT; };
		169B14B9145CA051004B0533 /* Foundation.framework */ = {isa = PBXFileReference; lastKnownFileType = wrapper.framework; name = Foundation.framework; path = System/Library/Frameworks/Foundation.framework; sourceTree = SDKROOT; };
		169B14BC145CA051004B0533 /* Pygment-Info.plist */ = {isa = PBXFileReference; lastKnownFileType = text.plist.xml; path = "Pygment-Info.plist"; sourceTree = "<group>"; };
		169B14BE145CA051004B0533 /* en */ = {isa = PBXFileReference; lastKnownFileType = text.plist.strings; name = en; path = en.lproj/InfoPlist.strings; sourceTree = "<group>"; };
		169B14C0145CA051004B0533 /* main.m */ = {isa = PBXFileReference; lastKnownFileType = sourcecode.c.objc; path = main.m; sourceTree = "<group>"; };
		169B14C2145CA051004B0533 /* Pygment-Prefix.pch */ = {isa = PBXFileReference; lastKnownFileType = sourcecode.c.h; path = "Pygment-Prefix.pch"; sourceTree = "<group>"; };
		169B14C4145CA051004B0533 /* en */ = {isa = PBXFileReference; lastKnownFileType = text.rtf; name = en; path = en.lproj/Credits.rtf; sourceTree = "<group>"; };
		169B14C6145CA051004B0533 /* AppDelegate.h */ = {isa = PBXFileReference; lastKnownFileType = sourcecode.c.h; path = AppDelegate.h; sourceTree = "<group>"; };
		169B14C7145CA051004B0533 /* AppDelegate.m */ = {isa = PBXFileReference; lastKnownFileType = sourcecode.c.objc; path = AppDelegate.m; sourceTree = "<group>"; };
		169B14CD145CA051004B0533 /* Pygment.xcdatamodel */ = {isa = PBXFileReference; lastKnownFileType = wrapper.xcdatamodel; path = Pygment.xcdatamodel; sourceTree = "<group>"; };
		169B14D4145CA051004B0533 /* PygmentTests.octest */ = {isa = PBXFileReference; explicitFileType = wrapper.cfbundle; includeInIndex = 0; path = PygmentTests.octest; sourceTree = BUILT_PRODUCTS_DIR; };
		169B14D5145CA051004B0533 /* SenTestingKit.framework */ = {isa = PBXFileReference; lastKnownFileType = wrapper.framework; name = SenTestingKit.framework; path = Library/Frameworks/SenTestingKit.framework; sourceTree = DEVELOPER_DIR; };
		169B14DC145CA052004B0533 /* PygmentTests-Info.plist */ = {isa = PBXFileReference; lastKnownFileType = text.plist.xml; path = "PygmentTests-Info.plist"; sourceTree = "<group>"; };
		169B14DE145CA052004B0533 /* en */ = {isa = PBXFileReference; lastKnownFileType = text.plist.strings; name = en; path = en.lproj/InfoPlist.strings; sourceTree = "<group>"; };
		169B14E0145CA052004B0533 /* PygmentTests.h */ = {isa = PBXFileReference; lastKnownFileType = sourcecode.c.h; path = PygmentTests.h; sourceTree = "<group>"; };
		169B14E1145CA052004B0533 /* PygmentTests.m */ = {isa = PBXFileReference; lastKnownFileType = sourcecode.c.objc; path = PygmentTests.m; sourceTree = "<group>"; };
		16D613E9145CB32F005CD7E9 /* Menulet.h */ = {isa = PBXFileReference; fileEncoding = 4; lastKnownFileType = sourcecode.c.h; path = Menulet.h; sourceTree = "<group>"; };
		16D613EA145CB32F005CD7E9 /* Menulet.m */ = {isa = PBXFileReference; fileEncoding = 4; lastKnownFileType = sourcecode.c.objc; path = Menulet.m; sourceTree = "<group>"; };
		16D613EC145CB626005CD7E9 /* MenuletDelegate.h */ = {isa = PBXFileReference; fileEncoding = 4; lastKnownFileType = sourcecode.c.h; path = MenuletDelegate.h; sourceTree = "<group>"; };
		16D613ED145D033D005CD7E9 /* MenuletController.h */ = {isa = PBXFileReference; fileEncoding = 4; lastKnownFileType = sourcecode.c.h; path = MenuletController.h; sourceTree = "<group>"; };
		16D613EE145D033D005CD7E9 /* MenuletController.m */ = {isa = PBXFileReference; fileEncoding = 4; lastKnownFileType = sourcecode.c.objc; path = MenuletController.m; sourceTree = "<group>"; };
/* End PBXFileReference section */

/* Begin PBXFrameworksBuildPhase section */
		169B14AD145CA051004B0533 /* Frameworks */ = {
			isa = PBXFrameworksBuildPhase;
			buildActionMask = 2147483647;
			files = (
				169B14B5145CA051004B0533 /* Cocoa.framework in Frameworks */,
			);
			runOnlyForDeploymentPostprocessing = 0;
		};
		169B14D0145CA051004B0533 /* Frameworks */ = {
			isa = PBXFrameworksBuildPhase;
			buildActionMask = 2147483647;
			files = (
				169B14D6145CA051004B0533 /* SenTestingKit.framework in Frameworks */,
				169B14D7145CA051004B0533 /* Cocoa.framework in Frameworks */,
			);
			runOnlyForDeploymentPostprocessing = 0;
		};
/* End PBXFrameworksBuildPhase section */

/* Begin PBXGroup section */
		1610A429145F6CD2001A7061 /* Resources */ = {
			isa = PBXGroup;
			children = (
				1610A42B145F6CF9001A7061 /* PaletteIcon.png */,
			);
			name = Resources;
			sourceTree = "<group>";
		};
		169B14A5145CA051004B0533 = {
			isa = PBXGroup;
			children = (
				169B14BA145CA051004B0533 /* Pygment */,
				169B14DA145CA052004B0533 /* PygmentTests */,
				169B14B3145CA051004B0533 /* Frameworks */,
				169B14B1145CA051004B0533 /* Products */,
			);
			sourceTree = "<group>";
		};
		169B14B1145CA051004B0533 /* Products */ = {
			isa = PBXGroup;
			children = (
				169B14B0145CA051004B0533 /* Pygment.app */,
				169B14D4145CA051004B0533 /* PygmentTests.octest */,
			);
			name = Products;
			sourceTree = "<group>";
		};
		169B14B3145CA051004B0533 /* Frameworks */ = {
			isa = PBXGroup;
			children = (
				169B14B4145CA051004B0533 /* Cocoa.framework */,
				169B14D5145CA051004B0533 /* SenTestingKit.framework */,
				169B14B6145CA051004B0533 /* Other Frameworks */,
			);
			name = Frameworks;
			sourceTree = "<group>";
		};
		169B14B6145CA051004B0533 /* Other Frameworks */ = {
			isa = PBXGroup;
			children = (
				169B14B7145CA051004B0533 /* AppKit.framework */,
				169B14B8145CA051004B0533 /* CoreData.framework */,
				169B14B9145CA051004B0533 /* Foundation.framework */,
			);
			name = "Other Frameworks";
			sourceTree = "<group>";
		};
		169B14BA145CA051004B0533 /* Pygment */ = {
			isa = PBXGroup;
			children = (
				1610A42D145F6E96001A7061 /* MainMenu.xib */,
				1610A429145F6CD2001A7061 /* Resources */,
				16D613F0145D1D7B005CD7E9 /* Menulet */,
				169B14C6145CA051004B0533 /* AppDelegate.h */,
				169B14C7145CA051004B0533 /* AppDelegate.m */,
				169B14CC145CA051004B0533 /* Pygment.xcdatamodeld */,
				169B14BB145CA051004B0533 /* Supporting Files */,
			);
			path = Pygment;
			sourceTree = "<group>";
		};
		169B14BB145CA051004B0533 /* Supporting Files */ = {
			isa = PBXGroup;
			children = (
				169B14BC145CA051004B0533 /* Pygment-Info.plist */,
				169B14BD145CA051004B0533 /* InfoPlist.strings */,
				169B14C0145CA051004B0533 /* main.m */,
				169B14C2145CA051004B0533 /* Pygment-Prefix.pch */,
				169B14C3145CA051004B0533 /* Credits.rtf */,
			);
			name = "Supporting Files";
			sourceTree = "<group>";
		};
		169B14DA145CA052004B0533 /* PygmentTests */ = {
			isa = PBXGroup;
			children = (
				169B14E0145CA052004B0533 /* PygmentTests.h */,
				169B14E1145CA052004B0533 /* PygmentTests.m */,
				169B14DB145CA052004B0533 /* Supporting Files */,
			);
			path = PygmentTests;
			sourceTree = "<group>";
		};
		169B14DB145CA052004B0533 /* Supporting Files */ = {
			isa = PBXGroup;
			children = (
				169B14DC145CA052004B0533 /* PygmentTests-Info.plist */,
				169B14DD145CA052004B0533 /* InfoPlist.strings */,
			);
			name = "Supporting Files";
			sourceTree = "<group>";
		};
		16D613F0145D1D7B005CD7E9 /* Menulet */ = {
			isa = PBXGroup;
			children = (
				16D613E9145CB32F005CD7E9 /* Menulet.h */,
				16D613EA145CB32F005CD7E9 /* Menulet.m */,
				16D613EC145CB626005CD7E9 /* MenuletDelegate.h */,
				16D613ED145D033D005CD7E9 /* MenuletController.h */,
				16D613EE145D033D005CD7E9 /* MenuletController.m */,
			);
			name = Menulet;
			sourceTree = "<group>";
		};
/* End PBXGroup section */

/* Begin PBXNativeTarget section */
		169B14AF145CA051004B0533 /* Pygment */ = {
			isa = PBXNativeTarget;
			buildConfigurationList = 169B14E5145CA052004B0533 /* Build configuration list for PBXNativeTarget "Pygment" */;
			buildPhases = (
				169B14AC145CA051004B0533 /* Sources */,
				169B14AD145CA051004B0533 /* Frameworks */,
				169B14AE145CA051004B0533 /* Resources */,
			);
			buildRules = (
			);
			dependencies = (
			);
			name = Pygment;
			productName = Pygment;
			productReference = 169B14B0145CA051004B0533 /* Pygment.app */;
			productType = "com.apple.product-type.application";
		};
		169B14D3145CA051004B0533 /* PygmentTests */ = {
			isa = PBXNativeTarget;
			buildConfigurationList = 169B14E8145CA052004B0533 /* Build configuration list for PBXNativeTarget "PygmentTests" */;
			buildPhases = (
				169B14CF145CA051004B0533 /* Sources */,
				169B14D0145CA051004B0533 /* Frameworks */,
				169B14D1145CA051004B0533 /* Resources */,
				169B14D2145CA051004B0533 /* ShellScript */,
			);
			buildRules = (
			);
			dependencies = (
				169B14D9145CA052004B0533 /* PBXTargetDependency */,
			);
			name = PygmentTests;
			productName = PygmentTests;
			productReference = 169B14D4145CA051004B0533 /* PygmentTests.octest */;
			productType = "com.apple.product-type.bundle";
		};
/* End PBXNativeTarget section */

/* Begin PBXProject section */
		169B14A7145CA051004B0533 /* Project object */ = {
			isa = PBXProject;
			attributes = {
				LastUpgradeCheck = 0420;
			};
			buildConfigurationList = 169B14AA145CA051004B0533 /* Build configuration list for PBXProject "Pygment" */;
			compatibilityVersion = "Xcode 3.2";
			developmentRegion = English;
			hasScannedForEncodings = 0;
			knownRegions = (
				en,
			);
			mainGroup = 169B14A5145CA051004B0533;
			productRefGroup = 169B14B1145CA051004B0533 /* Products */;
			projectDirPath = "";
			projectRoot = "";
			targets = (
				169B14AF145CA051004B0533 /* Pygment */,
				169B14D3145CA051004B0533 /* PygmentTests */,
			);
		};
/* End PBXProject section */

/* Begin PBXResourcesBuildPhase section */
		169B14AE145CA051004B0533 /* Resources */ = {
			isa = PBXResourcesBuildPhase;
			buildActionMask = 2147483647;
			files = (
				169B14BF145CA051004B0533 /* InfoPlist.strings in Resources */,
				169B14C5145CA051004B0533 /* Credits.rtf in Resources */,
				1610A42C145F6CF9001A7061 /* PaletteIcon.png in Resources */,
				1610A42F145F6E96001A7061 /* MainMenu.xib in Resources */,
			);
			runOnlyForDeploymentPostprocessing = 0;
		};
		169B14D1145CA051004B0533 /* Resources */ = {
			isa = PBXResourcesBuildPhase;
			buildActionMask = 2147483647;
			files = (
				169B14DF145CA052004B0533 /* InfoPlist.strings in Resources */,
			);
			runOnlyForDeploymentPostprocessing = 0;
		};
/* End PBXResourcesBuildPhase section */

/* Begin PBXShellScriptBuildPhase section */
		169B14D2145CA051004B0533 /* ShellScript */ = {
			isa = PBXShellScriptBuildPhase;
			buildActionMask = 2147483647;
			files = (
			);
			inputPaths = (
			);
			outputPaths = (
			);
			runOnlyForDeploymentPostprocessing = 0;
			shellPath = /bin/sh;
			shellScript = "# Run the unit tests in this test bundle.\n\"${SYSTEM_DEVELOPER_DIR}/Tools/RunUnitTests\"\n";
		};
/* End PBXShellScriptBuildPhase section */

/* Begin PBXSourcesBuildPhase section */
		169B14AC145CA051004B0533 /* Sources */ = {
			isa = PBXSourcesBuildPhase;
			buildActionMask = 2147483647;
			files = (
				169B14C1145CA051004B0533 /* main.m in Sources */,
				169B14C8145CA051004B0533 /* AppDelegate.m in Sources */,
				169B14CE145CA051004B0533 /* Pygment.xcdatamodeld in Sources */,
				16D613EB145CB32F005CD7E9 /* Menulet.m in Sources */,
				16D613EF145D033D005CD7E9 /* MenuletController.m in Sources */,
			);
			runOnlyForDeploymentPostprocessing = 0;
		};
		169B14CF145CA051004B0533 /* Sources */ = {
			isa = PBXSourcesBuildPhase;
			buildActionMask = 2147483647;
			files = (
				169B14E2145CA052004B0533 /* PygmentTests.m in Sources */,
			);
			runOnlyForDeploymentPostprocessing = 0;
		};
/* End PBXSourcesBuildPhase section */

/* Begin PBXTargetDependency section */
		169B14D9145CA052004B0533 /* PBXTargetDependency */ = {
			isa = PBXTargetDependency;
			target = 169B14AF145CA051004B0533 /* Pygment */;
			targetProxy = 169B14D8145CA052004B0533 /* PBXContainerItemProxy */;
		};
/* End PBXTargetDependency section */

/* Begin PBXVariantGroup section */
		1610A42D145F6E96001A7061 /* MainMenu.xib */ = {
			isa = PBXVariantGroup;
			children = (
				1610A42E145F6E96001A7061 /* en */,
			);
			name = MainMenu.xib;
			sourceTree = "<group>";
		};
		169B14BD145CA051004B0533 /* InfoPlist.strings */ = {
			isa = PBXVariantGroup;
			children = (
				169B14BE145CA051004B0533 /* en */,
			);
			name = InfoPlist.strings;
			sourceTree = "<group>";
		};
		169B14C3145CA051004B0533 /* Credits.rtf */ = {
			isa = PBXVariantGroup;
			children = (
				169B14C4145CA051004B0533 /* en */,
			);
			name = Credits.rtf;
			sourceTree = "<group>";
		};
		169B14DD145CA052004B0533 /* InfoPlist.strings */ = {
			isa = PBXVariantGroup;
			children = (
				169B14DE145CA052004B0533 /* en */,
			);
			name = InfoPlist.strings;
			sourceTree = "<group>";
		};
/* End PBXVariantGroup section */

/* Begin XCBuildConfiguration section */
		169B14E3145CA052004B0533 /* Debug */ = {
			isa = XCBuildConfiguration;
			buildSettings = {
				ALWAYS_SEARCH_USER_PATHS = NO;
				ARCHS = "$(ARCHS_STANDARD_64_BIT)";
				CLANG_ENABLE_OBJC_ARC = YES;
				COPY_PHASE_STRIP = NO;
				GCC_C_LANGUAGE_STANDARD = gnu99;
				GCC_DYNAMIC_NO_PIC = NO;
				GCC_ENABLE_OBJC_EXCEPTIONS = YES;
				GCC_OPTIMIZATION_LEVEL = 0;
				GCC_PREPROCESSOR_DEFINITIONS = (
					"DEBUG=1",
					"$(inherited)",
				);
				GCC_SYMBOLS_PRIVATE_EXTERN = NO;
				GCC_VERSION = com.apple.compilers.llvm.clang.1_0;
				GCC_WARN_64_TO_32_BIT_CONVERSION = YES;
				GCC_WARN_ABOUT_MISSING_PROTOTYPES = YES;
				GCC_WARN_ABOUT_RETURN_TYPE = YES;
				GCC_WARN_UNUSED_VARIABLE = YES;
				MACOSX_DEPLOYMENT_TARGET = 10.7;
				ONLY_ACTIVE_ARCH = YES;
				SDKROOT = macosx;
			};
			name = Debug;
		};
		169B14E4145CA052004B0533 /* Release */ = {
			isa = XCBuildConfiguration;
			buildSettings = {
				ALWAYS_SEARCH_USER_PATHS = NO;
				ARCHS = "$(ARCHS_STANDARD_64_BIT)";
				CLANG_ENABLE_OBJC_ARC = YES;
				COPY_PHASE_STRIP = YES;
				DEBUG_INFORMATION_FORMAT = "dwarf-with-dsym";
				GCC_C_LANGUAGE_STANDARD = gnu99;
				GCC_ENABLE_OBJC_EXCEPTIONS = YES;
				GCC_VERSION = com.apple.compilers.llvm.clang.1_0;
				GCC_WARN_64_TO_32_BIT_CONVERSION = YES;
				GCC_WARN_ABOUT_MISSING_PROTOTYPES = YES;
				GCC_WARN_ABOUT_RETURN_TYPE = YES;
				GCC_WARN_UNUSED_VARIABLE = YES;
				MACOSX_DEPLOYMENT_TARGET = 10.7;
				SDKROOT = macosx;
			};
			name = Release;
		};
		169B14E6145CA052004B0533 /* Debug */ = {
			isa = XCBuildConfiguration;
			buildSettings = {
				GCC_PRECOMPILE_PREFIX_HEADER = YES;
				GCC_PREFIX_HEADER = "Pygment/Pygment-Prefix.pch";
				INFOPLIST_FILE = "Pygment/Pygment-Info.plist";
				PRODUCT_NAME = "$(TARGET_NAME)";
				WRAPPER_EXTENSION = app;
			};
			name = Debug;
		};
		169B14E7145CA052004B0533 /* Release */ = {
			isa = XCBuildConfiguration;
			buildSettings = {
				GCC_PRECOMPILE_PREFIX_HEADER = YES;
				GCC_PREFIX_HEADER = "Pygment/Pygment-Prefix.pch";
				INFOPLIST_FILE = "Pygment/Pygment-Info.plist";
				PRODUCT_NAME = "$(TARGET_NAME)";
				WRAPPER_EXTENSION = app;
			};
			name = Release;
		};
		169B14E9145CA052004B0533 /* Debug */ = {
			isa = XCBuildConfiguration;
			buildSettings = {
				BUNDLE_LOADER = "$(BUILT_PRODUCTS_DIR)/Pygment.app/Contents/MacOS/Pygment";
				FRAMEWORK_SEARCH_PATHS = "$(DEVELOPER_LIBRARY_DIR)/Frameworks";
				GCC_PRECOMPILE_PREFIX_HEADER = YES;
				GCC_PREFIX_HEADER = "Pygment/Pygment-Prefix.pch";
				INFOPLIST_FILE = "PygmentTests/PygmentTests-Info.plist";
				PRODUCT_NAME = "$(TARGET_NAME)";
				TEST_HOST = "$(BUNDLE_LOADER)";
				WRAPPER_EXTENSION = octest;
			};
			name = Debug;
		};
		169B14EA145CA052004B0533 /* Release */ = {
			isa = XCBuildConfiguration;
			buildSettings = {
				BUNDLE_LOADER = "$(BUILT_PRODUCTS_DIR)/Pygment.app/Contents/MacOS/Pygment";
				FRAMEWORK_SEARCH_PATHS = "$(DEVELOPER_LIBRARY_DIR)/Frameworks";
				GCC_PRECOMPILE_PREFIX_HEADER = YES;
				GCC_PREFIX_HEADER = "Pygment/Pygment-Prefix.pch";
				INFOPLIST_FILE = "PygmentTests/PygmentTests-Info.plist";
				PRODUCT_NAME = "$(TARGET_NAME)";
				TEST_HOST = "$(BUNDLE_LOADER)";
				WRAPPER_EXTENSION = octest;
			};
			name = Release;
		};
/* End XCBuildConfiguration section */

/* Begin XCConfigurationList section */
		169B14AA145CA051004B0533 /* Build configuration list for PBXProject "Pygment" */ = {
			isa = XCConfigurationList;
			buildConfigurations = (
				169B14E3145CA052004B0533 /* Debug */,
				169B14E4145CA052004B0533 /* Release */,
			);
			defaultConfigurationIsVisible = 0;
			defaultConfigurationName = Release;
		};
		169B14E5145CA052004B0533 /* Build configuration list for PBXNativeTarget "Pygment" */ = {
			isa = XCConfigurationList;
			buildConfigurations = (
				169B14E6145CA052004B0533 /* Debug */,
				169B14E7145CA052004B0533 /* Release */,
			);
			defaultConfigurationIsVisible = 0;
			defaultConfigurationName = Release;
		};
		169B14E8145CA052004B0533 /* Build configuration list for PBXNativeTarget "PygmentTests" */ = {
			isa = XCConfigurationList;
			buildConfigurations = (
				169B14E9145CA052004B0533 /* Debug */,
				169B14EA145CA052004B0533 /* Release */,
			);
			defaultConfigurationIsVisible = 0;
			defaultConfigurationName = Release;
		};
/* End XCConfigurationList section */

/* Begin XCVersionGroup section */
		169B14CC145CA051004B0533 /* Pygment.xcdatamodeld */ = {
			isa = XCVersionGroup;
			children = (
				169B14CD145CA051004B0533 /* Pygment.xcdatamodel */,
			);
			currentVersion = 169B14CD145CA051004B0533 /* Pygment.xcdatamodel */;
			path = Pygment.xcdatamodeld;
			sourceTree = "<group>";
			versionGroupType = wrapper.xcdatamodel;
		};
/* End XCVersionGroup section */
	};
	rootObject = 169B14A7145CA051004B0533 /* Project object */;
}
